
Microsoft Visual Studio Solution File, Format Version 12.00
# Visual Studio Version 17
VisualStudioVersion = 17.9.34622.214
MinimumVisualStudioVersion = 10.0.40219.1
Project("{FAE04EC0-301F-11D3-BF4B-00C04F79EFBC}") = "321_NTP_ex1_nima_zarrabi", "321_NTP_ex1_nima_zarrabi.csproj", "{0F31E464-F40C-4FE5-BF1C-E90A33EB591A}"
EndProject
Global
	GlobalSection(SolutionConfigurationPlatforms) = preSolution
		Debug|Any CPU = Debug|Any CPU
		Release|Any CPU = Release|Any CPU
	EndGlobalSection
	GlobalSection(ProjectConfigurationPlatforms) = postSolution
		{0F31E464-F40C-4FE5-BF1C-E90A33EB591A}.Debug|Any CPU.ActiveCfg = Debug|Any CPU
		{0F31E464-F40C-4FE5-BF1C-E90A33EB591A}.Debug|Any CPU.Build.0 = Debug|Any CPU
		{0F31E464-F40C-4FE5-BF1C-E90A33EB591A}.Release|Any CPU.ActiveCfg = Release|Any CPU
		{0F31E464-F40C-4FE5-BF1C-E90A33EB591A}.Release|Any CPU.Build.0 = Release|Any CPU
	EndGlobalSection
	GlobalSection(SolutionProperties) = preSolution
		HideSolutionNode = FALSE
	EndGlobalSection
	GlobalSection(ExtensibilityGlobals) = postSolution
		SolutionGuid = {55E11D04-F562-4527-B7FA-0F805CA9A03D}
	EndGlobalSection
EndGlobal
